# This file is autogenerated, do not edit; changes may be undone by the next 'dep ensure'.


[[projects]]
  digest = "1:4179c92d452daa1e0693fd12e094d9b05a1ecb79efcded05c7dae15e539b9f0b"
  name = "github.com/Microsoft/go-winio"
  packages = ["."]
  pruneopts = "UT"
  revision = "67921128fb397dd80339870d2193d6b1e6856fd4"
  version = "v0.4.8"

[[projects]]
  digest = "1:e495f9f1fb2bae55daeb76e099292054fe1f734947274b3cfc403ccda595d55a"
  name = "github.com/docker/distribution"
  packages = [
    "digestset",
    "reference",
    "registry/api/errcode",
  ]
  pruneopts = "UT"
  revision = "0d3efadf0154c2b8a4e7b6621fff9809655cc580"

[[projects]]
  digest = "1:870e5501ad2fb53cb86e1acc075a48f8c43f46460852f35f99fc839808c7c365"
  name = "github.com/docker/docker"
  packages = [
    "api",
    "api/types",
    "api/types/blkiodev",
    "api/types/container",
    "api/types/events",
    "api/types/filters",
    "api/types/image",
    "api/types/mount",
    "api/types/network",
    "api/types/registry",
    "api/types/strslice",
    "api/types/swarm",
    "api/types/swarm/runtime",
    "api/types/time",
    "api/types/versions",
    "api/types/volume",
    "client",
    "errdefs",
  ]
  pruneopts = "UT"
  revision = "238f8eaa31aa74be843c81703fabf774863ec30c"

[[projects]]
  digest = "1:811c86996b1ca46729bad2724d4499014c4b9effd05ef8c71b852aad90deb0ce"
  name = "github.com/docker/go-connections"
  packages = [
    "nat",
    "sockets",
    "tlsconfig",
  ]
  pruneopts = "UT"
  revision = "7395e3f8aa162843a74ed6d48e79627d9792ac55"
  version = "v0.4.0"

[[projects]]
  digest = "1:6f82cacd0af5921e99bf3f46748705239b36489464f4529a1589bc895764fb18"
  name = "github.com/docker/go-units"
  packages = ["."]
  pruneopts = "UT"
  revision = "47565b4f722fb6ceae66b95f853feed578a4a51c"
  version = "v0.3.3"

[[projects]]
  digest = "1:9a688317f3231e0175b3429033f44411906c0ce119361b7b5019d01375f8cff7"
  name = "github.com/gogo/protobuf"
  packages = ["proto"]
  pruneopts = "UT"
  revision = "1adfc126b41513cc696b209667c8656ea7aac67c"
  version = "v1.0.0"

[[projects]]
  digest = "1:f5ce1529abc1204444ec73779f44f94e2fa8fcdb7aca3c355b0c95947e4005c6"
  name = "github.com/golang/protobuf"
  packages = [
    "proto",
    "ptypes",
    "ptypes/any",
    "ptypes/duration",
    "ptypes/timestamp",
  ]
  pruneopts = "UT"
  revision = "6c65a5562fc06764971b7c5d05c76c75e84bdbf7"
  version = "v1.3.2"

[[projects]]
  digest = "1:0a69a1c0db3591fcefb47f115b224592c8dfa4368b7ba9fae509d5e16cdc95c8"
  name = "github.com/konsorten/go-windows-terminal-sequences"
  packages = ["."]
  pruneopts = "UT"
  revision = "5c8c8bd35d3832f5d134ae1e1e375b69a4d25242"
  version = "v1.0.1"

[[projects]]
  digest = "1:1a92cf9996f7e1f835c4057829c63caf4292e015d83672363e59644f94472066"
  name = "github.com/newrelic/infra-integrations-sdk"
  packages = [
    "args",
    "data/event",
    "data/inventory",
    "data/metric",
    "integration",
    "log",
    "persist",
  ]
  pruneopts = "UT"
  revision = "6f4ebe6787cd347d5a038104407a39456577caf0"
  version = "v3.3.1"

[[projects]]
  digest = "1:bc62c2c038cc8ae51b68f6d52570501a763bb71e78736a9f65d60762429864a9"
  name = "github.com/opencontainers/go-digest"
  packages = ["."]
  pruneopts = "UT"
  revision = "c9281466c8b2f606084ac71339773efd177436e7"

[[projects]]
  digest = "1:72355c470c6667f840653face568d24896ce8ff9888b0304b18e5e7452147206"
  name = "github.com/opencontainers/image-spec"
  packages = [
    "specs-go",
    "specs-go/v1",
  ]
  pruneopts = "UT"
  revision = "e562b04403929d582d449ae5386ff79dd7961a11"

[[projects]]
  digest = "1:3891cc78541df6e4596b3e73978eb062d32967084069270ec881b959be5155ae"
  name = "github.com/pkg/errors"
  packages = ["."]
  pruneopts = "UT"
  revision = "816c9085562cd7ee03e7f8188a1cfd942858cded"

[[projects]]
  digest = "1:41dcd9c1d476ac6d5bb163ed0dee0b0d38405d20a22b63ac491ba508f1b46410"
  name = "github.com/sirupsen/logrus"
  packages = ["."]
  pruneopts = "UT"
  revision = "4fabf2fffcecfd47f802869b7b92d75e43c5a095"

[[projects]]
  digest = "1:3f3a05ae0b95893d90b9b3b5afdb79a9b3d96e4e36e099d841ae602e4aca0da8"
  name = "golang.org/x/crypto"
  packages = ["ssh/terminal"]
  pruneopts = "UT"
  revision = "0c41d7ab0a0ee717d4590a44bcb987dfd9e183eb"

[[projects]]
  digest = "1:72c614df418a5c5c10c9f162fa703d948334f13747117baffc509fe770603063"
  name = "golang.org/x/net"
  packages = [
    "context",
    "internal/socks",
    "proxy",
  ]
  pruneopts = "UT"
  revision = "d0887baf81f4598189d4e12a37c6da86f0bba4d0"

[[projects]]
  digest = "1:3364d01296ce7eeca363e3d530ae63a2092d6f8efb85fb3d101e8f6d7de83452"
  name = "golang.org/x/sys"
  packages = [
    "unix",
    "windows",
  ]
  pruneopts = "UT"
  revision = "ac767d655b305d4e9612f5f6e33120b9176c4ad4"

[[projects]]
  digest = "1:56b0bca90b7e5d1facf5fbdacba23e4e0ce069d25381b8e2f70ef1e7ebfb9c1a"
  name = "google.golang.org/genproto"
  packages = ["googleapis/rpc/status"]
  pruneopts = "UT"
  revision = "94acd270e44e65579b9ee3cdab25034d33fed608"

[[projects]]
  digest = "1:cc0dd80142366a2ab6799a3f4729196a160f9523ce9f266c5524db28c291d188"
  name = "google.golang.org/grpc"
  packages = [
    "codes",
    "status",
  ]
  pruneopts = "UT"
  revision = "d7518259e000d23a615e7caa4812dd15f2fd3b46"

[[projects]]
  branch = "master"
  digest = "1:9132eacc44d9bd1e03145ea2e9d4888800da7773d6edebb401f8cd34c9fb8380"
  name = "vbom.ml/util"
  packages = ["sortorder"]
  pruneopts = "UT"
  revision = "efcd4e0f97874370259c7d93e12aad57911dea81"

[solve-meta]
  analyzer-name = "dep"
  analyzer-version = 1
  input-imports = [
    "github.com/docker/docker/api/types",
    "github.com/docker/docker/api/types/filters",
    "github.com/docker/docker/api/types/swarm",
    "github.com/docker/docker/client",
    "github.com/newrelic/infra-integrations-sdk/args",
    "github.com/newrelic/infra-integrations-sdk/data/metric",
    "github.com/newrelic/infra-integrations-sdk/integration",
    "github.com/newrelic/infra-integrations-sdk/log",
    "vbom.ml/util/sortorder",
  ]
  solver-name = "gps-cdcl"
  solver-version = 1
